
Microsoft Visual Studio Solution File, Format Version 12.00
# Visual Studio Version 17
VisualStudioVersion = 17.6.33815.320
MinimumVisualStudioVersion = 10.0.40219.1
Project("{FAE04EC0-301F-11D3-BF4B-00C04F79EFBC}") = "Question 3 pipelines", "Question 3 pipelines\Question 3 pipelines.csproj", "{7D7CD078-F237-4209-9A02-CE8009D55BFC}"
EndProject
Global
	GlobalSection(SolutionConfigurationPlatforms) = preSolution
		Debug|Any CPU = Debug|Any CPU
		Release|Any CPU = Release|Any CPU
	EndGlobalSection
	GlobalSection(ProjectConfigurationPlatforms) = postSolution
		{7D7CD078-F237-4209-9A02-CE8009D55BFC}.Debug|Any CPU.ActiveCfg = Debug|Any CPU
		{7D7CD078-F237-4209-9A02-CE8009D55BFC}.Debug|Any CPU.Build.0 = Debug|Any CPU
		{7D7CD078-F237-4209-9A02-CE8009D55BFC}.Release|Any CPU.ActiveCfg = Release|Any CPU
		{7D7CD078-F237-4209-9A02-CE8009D55BFC}.Release|Any CPU.Build.0 = Release|Any CPU
	EndGlobalSection
	GlobalSection(SolutionProperties) = preSolution
		HideSolutionNode = FALSE
	EndGlobalSection
	GlobalSection(ExtensibilityGlobals) = postSolution
		SolutionGuid = {DD9B0218-4DCA-47CA-B3EA-B14959DF9A58}
	EndGlobalSection
EndGlobal
